<?xml version="1.0" encoding="utf-8"?>
<Project ToolsVersion="4.0" xmlns="http://schemas.microsoft.com/developer/msbuild/2003">
  <ItemGroup>
    <ClCompile Include="NRCPathTracer.cpp" />
    <ClCompile Include="NRC.cpp">
      <Filter>NN</Filter>
    </ClCompile>
    <ClCompile Include="FalcorCUDA.cpp">
      <Filter>CUDA</Filter>
    </ClCompile>
    <ClCompile Include="Debug\NRCPixelStats.cpp">
      <Filter>Debug</Filter>
    </ClCompile>
  </ItemGroup>
  <ItemGroup>
    <ClInclude Include="NRCPathTracer.h" />
    <ClInclude Include="NRC.h">
      <Filter>NN</Filter>
    </ClInclude>
    <ClInclude Include="FalcorCUDA.h">
      <Filter>CUDA</Filter>
    </ClInclude>
    <ClInclude Include="Network.h">
      <Filter>NN</Filter>
    </ClInclude>
    <ClInclude Include="Debug\NRCPixelStats.h">
      <Filter>Debug</Filter>
    </ClInclude>
    <ClInclude Include="Parameters.h">
      <Filter>NN</Filter>
    </ClInclude>
    <ClInclude Include="Helpers.h">
      <Filter>NN</Filter>
    </ClInclude>
  </ItemGroup>
  <ItemGroup>
    <ShaderSource Include="Debug\NRCPixelStats.slang">
      <Filter>Debug</Filter>
    </ShaderSource>
    <ShaderSource Include="Debug\NRCPixelStatsShared.slang">
      <Filter>Debug</Filter>
    </ShaderSource>
    <ShaderSource Include="NRC.slang">
      <Filter>Shader</Filter>
    </ShaderSource>
    <ShaderSource Include="Composite.cs.slang">
      <Filter>Shader</Filter>
    </ShaderSource>
    <ShaderSource Include="DataStructure.slang">
      <Filter>Shader</Filter>
    </ShaderSource>
    <ShaderSource Include="PathTracer.slang">
      <Filter>Shader</Filter>
    </ShaderSource>
    <ShaderSource Include="PathTracer.rt.slang">
      <Filter>Shader</Filter>
    </ShaderSource>
    <ShaderSource Include="NRCPathTracer.slang">
      <Filter>Shader</Filter>
    </ShaderSource>
  </ItemGroup>
  <ItemGroup>
    <Filter Include="NN">
      <UniqueIdentifier>{16dbf540-b0dd-4158-80b4-9ee72b594be7}</UniqueIdentifier>
    </Filter>
    <Filter Include="CUDA">
      <UniqueIdentifier>{e7610912-87d3-4c65-9daa-30e1274ab051}</UniqueIdentifier>
    </Filter>
    <Filter Include="Debug">
      <UniqueIdentifier>{fd716e4b-bd1f-4dc5-91b4-8ced1d758853}</UniqueIdentifier>
    </Filter>
    <Filter Include="Shader">
      <UniqueIdentifier>{f9c9edca-0a3b-431b-bfe1-591747c9dd96}</UniqueIdentifier>
    </Filter>
  </ItemGroup>
  <ItemGroup>
    <CudaCompile Include="Network.cu">
      <Filter>NN</Filter>
    </CudaCompile>
  </ItemGroup>
</Project>